
Microsoft Visual Studio Solution File, Format Version 12.00
# Visual Studio Version 16
VisualStudioVersion = 16.0.32802.440
MinimumVisualStudioVersion = 10.0.40219.1
Project("{FAE04EC0-301F-11D3-BF4B-00C04F79EFBC}") = "Task 04", "Task 04\Task 04.csproj", "{FB745FD2-045F-4FC5-B8A6-F10FE5689C89}"
EndProject
Global
	GlobalSection(SolutionConfigurationPlatforms) = preSolution
		Debug|Any CPU = Debug|Any CPU
		Release|Any CPU = Release|Any CPU
	EndGlobalSection
	GlobalSection(ProjectConfigurationPlatforms) = postSolution
		{FB745FD2-045F-4FC5-B8A6-F10FE5689C89}.Debug|Any CPU.ActiveCfg = Debug|Any CPU
		{FB745FD2-045F-4FC5-B8A6-F10FE5689C89}.Debug|Any CPU.Build.0 = Debug|Any CPU
		{FB745FD2-045F-4FC5-B8A6-F10FE5689C89}.Release|Any CPU.ActiveCfg = Release|Any CPU
		{FB745FD2-045F-4FC5-B8A6-F10FE5689C89}.Release|Any CPU.Build.0 = Release|Any CPU
	EndGlobalSection
	GlobalSection(SolutionProperties) = preSolution
		HideSolutionNode = FALSE
	EndGlobalSection
	GlobalSection(ExtensibilityGlobals) = postSolution
		SolutionGuid = {0A8AC768-C37E-49C9-9203-AC77F1F680D6}
	EndGlobalSection
EndGlobal
